// !$*UTF8*$!
{
	archiveVersion = 1;
	classes = {
	};
	objectVersion = 50;
	objects = {

/* Begin PBXBuildFile section */
		051BC74C24F7B6A40066B100 /* AppDelegate.swift in Sources */ = {isa = PBXBuildFile; fileRef = 051BC74B24F7B6A40066B100 /* AppDelegate.swift */; };
		051BC74E24F7B6A40066B100 /* SceneDelegate.swift in Sources */ = {isa = PBXBuildFile; fileRef = 051BC74D24F7B6A40066B100 /* SceneDelegate.swift */; };
		051BC75524F7B6A60066B100 /* Assets.xcassets in Resources */ = {isa = PBXBuildFile; fileRef = 051BC75424F7B6A60066B100 /* Assets.xcassets */; };
		051BC75824F7B6A60066B100 /* LaunchScreen.storyboard in Resources */ = {isa = PBXBuildFile; fileRef = 051BC75624F7B6A60066B100 /* LaunchScreen.storyboard */; };
		051BC76624F7BA780066B100 /* HomeViewCntroller.swift in Sources */ = {isa = PBXBuildFile; fileRef = 051BC76524F7BA770066B100 /* HomeViewCntroller.swift */; };
		051BC76924F7BCC10066B100 /* TabController.swift in Sources */ = {isa = PBXBuildFile; fileRef = 051BC76824F7BCC10066B100 /* TabController.swift */; };
/* End PBXBuildFile section */

/* Begin PBXFileReference section */
		051BC74824F7B6A40066B100 /* InstagramApp.app */ = {isa = PBXFileReference; explicitFileType = wrapper.application; includeInIndex = 0; path = InstagramApp.app; sourceTree = BUILT_PRODUCTS_DIR; };
		051BC74B24F7B6A40066B100 /* AppDelegate.swift */ = {isa = PBXFileReference; lastKnownFileType = sourcecode.swift; path = AppDelegate.swift; sourceTree = "<group>"; };
		051BC74D24F7B6A40066B100 /* SceneDelegate.swift */ = {isa = PBXFileReference; lastKnownFileType = sourcecode.swift; path = SceneDelegate.swift; sourceTree = "<group>"; };
		051BC75424F7B6A60066B100 /* Assets.xcassets */ = {isa = PBXFileReference; lastKnownFileType = folder.assetcatalog; path = Assets.xcassets; sourceTree = "<group>"; };
		051BC75724F7B6A60066B100 /* Base */ = {isa = PBXFileReference; lastKnownFileType = file.storyboard; name = Base; path = Base.lproj/LaunchScreen.storyboard; sourceTree = "<group>"; };
		051BC75924F7B6A70066B100 /* Info.plist */ = {isa = PBXFileReference; lastKnownFileType = text.plist.xml; path = Info.plist; sourceTree = "<group>"; };
		051BC76524F7BA770066B100 /* HomeViewCntroller.swift */ = {isa = PBXFileReference; lastKnownFileType = sourcecode.swift; path = HomeViewCntroller.swift; sourceTree = "<group>"; };
		051BC76824F7BCC10066B100 /* TabController.swift */ = {isa = PBXFileReference; lastKnownFileType = sourcecode.swift; path = TabController.swift; sourceTree = "<group>"; };
/* End PBXFileReference section */

/* Begin PBXFrameworksBuildPhase section */
		051BC74524F7B6A40066B100 /* Frameworks */ = {
			isa = PBXFrameworksBuildPhase;
			buildActionMask = 2147483647;
			files = (
			);
			runOnlyForDeploymentPostprocessing = 0;
		};
/* End PBXFrameworksBuildPhase section */

/* Begin PBXGroup section */
		051BC73F24F7B6A40066B100 = {
			isa = PBXGroup;
			children = (
				051BC74A24F7B6A40066B100 /* InstagramApp */,
				051BC74924F7B6A40066B100 /* Products */,
			);
			sourceTree = "<group>";
		};
		051BC74924F7B6A40066B100 /* Products */ = {
			isa = PBXGroup;
			children = (
				051BC74824F7B6A40066B100 /* InstagramApp.app */,
			);
			name = Products;
			sourceTree = "<group>";
		};
		051BC74A24F7B6A40066B100 /* InstagramApp */ = {
			isa = PBXGroup;
			children = (
				051BC75F24F7B6B10066B100 /* SupportFiles */,
				051BC76024F7BA2C0066B100 /* Screens */,
			);
			path = InstagramApp;
			sourceTree = "<group>";
		};
		051BC75F24F7B6B10066B100 /* SupportFiles */ = {
			isa = PBXGroup;
			children = (
				051BC75424F7B6A60066B100 /* Assets.xcassets */,
				051BC75624F7B6A60066B100 /* LaunchScreen.storyboard */,
				051BC75924F7B6A70066B100 /* Info.plist */,
				051BC74B24F7B6A40066B100 /* AppDelegate.swift */,
				051BC74D24F7B6A40066B100 /* SceneDelegate.swift */,
			);
			path = SupportFiles;
			sourceTree = "<group>";
		};
		051BC76024F7BA2C0066B100 /* Screens */ = {
			isa = PBXGroup;
			children = (
				051BC76724F7BCAC0066B100 /* TabController */,
				051BC76124F7BA340066B100 /* MainScreen */,
			);
			path = Screens;
			sourceTree = "<group>";
		};
		051BC76124F7BA340066B100 /* MainScreen */ = {
			isa = PBXGroup;
			children = (
				051BC76424F7BA470066B100 /* Models */,
				051BC76324F7BA420066B100 /* Views */,
				051BC76224F7BA3D0066B100 /* Controller */,
			);
			path = MainScreen;
			sourceTree = "<group>";
		};
		051BC76224F7BA3D0066B100 /* Controller */ = {
			isa = PBXGroup;
			children = (
				051BC76524F7BA770066B100 /* HomeViewCntroller.swift */,
			);
			path = Controller;
			sourceTree = "<group>";
		};
		051BC76324F7BA420066B100 /* Views */ = {
			isa = PBXGroup;
			children = (
			);
			path = Views;
			sourceTree = "<group>";
		};
		051BC76424F7BA470066B100 /* Models */ = {
			isa = PBXGroup;
			children = (
			);
			path = Models;
			sourceTree = "<group>";
		};
		051BC76724F7BCAC0066B100 /* TabController */ = {
			isa = PBXGroup;
			children = (
				051BC76824F7BCC10066B100 /* TabController.swift */,
			);
			path = TabController;
			sourceTree = "<group>";
		};
/* End PBXGroup section */

/* Begin PBXNativeTarget section */
		051BC74724F7B6A40066B100 /* InstagramApp */ = {
			isa = PBXNativeTarget;
			buildConfigurationList = 051BC75C24F7B6A70066B100 /* Build configuration list for PBXNativeTarget "InstagramApp" */;
			buildPhases = (
				051BC74424F7B6A40066B100 /* Sources */,
				051BC74524F7B6A40066B100 /* Frameworks */,
				051BC74624F7B6A40066B100 /* Resources */,
			);
			buildRules = (
			);
			dependencies = (
			);
			name = InstagramApp;
			productName = InstagramApp;
			productReference = 051BC74824F7B6A40066B100 /* InstagramApp.app */;
			productType = "com.apple.product-type.application";
		};
/* End PBXNativeTarget section */

/* Begin PBXProject section */
		051BC74024F7B6A40066B100 /* Project object */ = {
			isa = PBXProject;
			attributes = {
				LastSwiftUpdateCheck = 1140;
				LastUpgradeCheck = 1140;
				ORGANIZATIONNAME = "Павел Мишагин";
				TargetAttributes = {
					051BC74724F7B6A40066B100 = {
						CreatedOnToolsVersion = 11.4.1;
					};
				};
			};
			buildConfigurationList = 051BC74324F7B6A40066B100 /* Build configuration list for PBXProject "InstagramApp" */;
			compatibilityVersion = "Xcode 9.3";
			developmentRegion = en;
			hasScannedForEncodings = 0;
			knownRegions = (
				en,
				Base,
			);
			mainGroup = 051BC73F24F7B6A40066B100;
			productRefGroup = 051BC74924F7B6A40066B100 /* Products */;
			projectDirPath = "";
			projectRoot = "";
			targets = (
				051BC74724F7B6A40066B100 /* InstagramApp */,
			);
		};
/* End PBXProject section */

/* Begin PBXResourcesBuildPhase section */
		051BC74624F7B6A40066B100 /* Resources */ = {
			isa = PBXResourcesBuildPhase;
			buildActionMask = 2147483647;
			files = (
				051BC75824F7B6A60066B100 /* LaunchScreen.storyboard in Resources */,
				051BC75524F7B6A60066B100 /* Assets.xcassets in Resources */,
			);
			runOnlyForDeploymentPostprocessing = 0;
		};
/* End PBXResourcesBuildPhase section */

/* Begin PBXSourcesBuildPhase section */
		051BC74424F7B6A40066B100 /* Sources */ = {
			isa = PBXSourcesBuildPhase;
			buildActionMask = 2147483647;
			files = (
				051BC74C24F7B6A40066B100 /* AppDelegate.swift in Sources */,
				051BC76924F7BCC10066B100 /* TabController.swift in Sources */,
				051BC74E24F7B6A40066B100 /* SceneDelegate.swift in Sources */,
				051BC76624F7BA780066B100 /* HomeViewCntroller.swift in Sources */,
			);
			runOnlyForDeploymentPostprocessing = 0;
		};
/* End PBXSourcesBuildPhase section */

/* Begin PBXVariantGroup section */
		051BC75624F7B6A60066B100 /* LaunchScreen.storyboard */ = {
			isa = PBXVariantGroup;
			children = (
				051BC75724F7B6A60066B100 /* Base */,
			);
			name = LaunchScreen.storyboard;
			sourceTree = "<group>";
		};
/* End PBXVariantGroup section */

/* Begin XCBuildConfiguration section */
		051BC75A24F7B6A70066B100 /* Debug */ = {
			isa = XCBuildConfiguration;
			buildSettings = {
				ALWAYS_SEARCH_USER_PATHS = NO;
				CLANG_ANALYZER_NONNULL = YES;
				CLANG_ANALYZER_NUMBER_OBJECT_CONVERSION = YES_AGGRESSIVE;
				CLANG_CXX_LANGUAGE_STANDARD = "gnu++14";
				CLANG_CXX_LIBRARY = "libc++";
				CLANG_ENABLE_MODULES = YES;
				CLANG_ENABLE_OBJC_ARC = YES;
				CLANG_ENABLE_OBJC_WEAK = YES;
				CLANG_WARN_BLOCK_CAPTURE_AUTORELEASING = YES;
				CLANG_WARN_BOOL_CONVERSION = YES;
				CLANG_WARN_COMMA = YES;
				CLANG_WARN_CONSTANT_CONVERSION = YES;
				CLANG_WARN_DEPRECATED_OBJC_IMPLEMENTATIONS = YES;
				CLANG_WARN_DIRECT_OBJC_ISA_USAGE = YES_ERROR;
				CLANG_WARN_DOCUMENTATION_COMMENTS = YES;
				CLANG_WARN_EMPTY_BODY = YES;
				CLANG_WARN_ENUM_CONVERSION = YES;
				CLANG_WARN_INFINITE_RECURSION = YES;
				CLANG_WARN_INT_CONVERSION = YES;
				CLANG_WARN_NON_LITERAL_NULL_CONVERSION = YES;
				CLANG_WARN_OBJC_IMPLICIT_RETAIN_SELF = YES;
				CLANG_WARN_OBJC_LITERAL_CONVERSION = YES;
				CLANG_WARN_OBJC_ROOT_CLASS = YES_ERROR;
				CLANG_WARN_RANGE_LOOP_ANALYSIS = YES;
				CLANG_WARN_STRICT_PROTOTYPES = YES;
				CLANG_WARN_SUSPICIOUS_MOVE = YES;
				CLANG_WARN_UNGUARDED_AVAILABILITY = YES_AGGRESSIVE;
				CLANG_WARN_UNREACHABLE_CODE = YES;
				CLANG_WARN__DUPLICATE_METHOD_MATCH = YES;
				COPY_PHASE_STRIP = NO;
				DEBUG_INFORMATION_FORMAT = dwarf;
				ENABLE_STRICT_OBJC_MSGSEND = YES;
				ENABLE_TESTABILITY = YES;
				GCC_C_LANGUAGE_STANDARD = gnu11;
				GCC_DYNAMIC_NO_PIC = NO;
				GCC_NO_COMMON_BLOCKS = YES;
				GCC_OPTIMIZATION_LEVEL = 0;
				GCC_PREPROCESSOR_DEFINITIONS = (
					"DEBUG=1",
					"$(inherited)",
				);
				GCC_WARN_64_TO_32_BIT_CONVERSION = YES;
				GCC_WARN_ABOUT_RETURN_TYPE = YES_ERROR;
				GCC_WARN_UNDECLARED_SELECTOR = YES;
				GCC_WARN_UNINITIALIZED_AUTOS = YES_AGGRESSIVE;
				GCC_WARN_UNUSED_FUNCTION = YES;
				GCC_WARN_UNUSED_VARIABLE = YES;
				IPHONEOS_DEPLOYMENT_TARGET = 13.4;
				MTL_ENABLE_DEBUG_INFO = INCLUDE_SOURCE;
				MTL_FAST_MATH = YES;
				ONLY_ACTIVE_ARCH = YES;
				SDKROOT = iphoneos;
				SWIFT_ACTIVE_COMPILATION_CONDITIONS = DEBUG;
				SWIFT_OPTIMIZATION_LEVEL = "-Onone";
			};
			name = Debug;
		};
		051BC75B24F7B6A70066B100 /* Release */ = {
			isa = XCBuildConfiguration;
			buildSettings = {
				ALWAYS_SEARCH_USER_PATHS = NO;
				CLANG_ANALYZER_NONNULL = YES;
				CLANG_ANALYZER_NUMBER_OBJECT_CONVERSION = YES_AGGRESSIVE;
				CLANG_CXX_LANGUAGE_STANDARD = "gnu++14";
				CLANG_CXX_LIBRARY = "libc++";
				CLANG_ENABLE_MODULES = YES;
				CLANG_ENABLE_OBJC_ARC = YES;
				CLANG_ENABLE_OBJC_WEAK = YES;
				CLANG_WARN_BLOCK_CAPTURE_AUTORELEASING = YES;
				CLANG_WARN_BOOL_CONVERSION = YES;
				CLANG_WARN_COMMA = YES;
				CLANG_WARN_CONSTANT_CONVERSION = YES;
				CLANG_WARN_DEPRECATED_OBJC_IMPLEMENTATIONS = YES;
				CLANG_WARN_DIRECT_OBJC_ISA_USAGE = YES_ERROR;
				CLANG_WARN_DOCUMENTATION_COMMENTS = YES;
				CLANG_WARN_EMPTY_BODY = YES;
				CLANG_WARN_ENUM_CONVERSION = YES;
				CLANG_WARN_INFINITE_RECURSION = YES;
				CLANG_WARN_INT_CONVERSION = YES;
				CLANG_WARN_NON_LITERAL_NULL_CONVERSION = YES;
				CLANG_WARN_OBJC_IMPLICIT_RETAIN_SELF = YES;
				CLANG_WARN_OBJC_LITERAL_CONVERSION = YES;
				CLANG_WARN_OBJC_ROOT_CLASS = YES_ERROR;
				CLANG_WARN_RANGE_LOOP_ANALYSIS = YES;
				CLANG_WARN_STRICT_PROTOTYPES = YES;
				CLANG_WARN_SUSPICIOUS_MOVE = YES;
				CLANG_WARN_UNGUARDED_AVAILABILITY = YES_AGGRESSIVE;
				CLANG_WARN_UNREACHABLE_CODE = YES;
				CLANG_WARN__DUPLICATE_METHOD_MATCH = YES;
				COPY_PHASE_STRIP = NO;
				DEBUG_INFORMATION_FORMAT = "dwarf-with-dsym";
				ENABLE_NS_ASSERTIONS = NO;
				ENABLE_STRICT_OBJC_MSGSEND = YES;
				GCC_C_LANGUAGE_STANDARD = gnu11;
				GCC_NO_COMMON_BLOCKS = YES;
				GCC_WARN_64_TO_32_BIT_CONVERSION = YES;
				GCC_WARN_ABOUT_RETURN_TYPE = YES_ERROR;
				GCC_WARN_UNDECLARED_SELECTOR = YES;
				GCC_WARN_UNINITIALIZED_AUTOS = YES_AGGRESSIVE;
				GCC_WARN_UNUSED_FUNCTION = YES;
				GCC_WARN_UNUSED_VARIABLE = YES;
				IPHONEOS_DEPLOYMENT_TARGET = 13.4;
				MTL_ENABLE_DEBUG_INFO = NO;
				MTL_FAST_MATH = YES;
				SDKROOT = iphoneos;
				SWIFT_COMPILATION_MODE = wholemodule;
				SWIFT_OPTIMIZATION_LEVEL = "-O";
				VALIDATE_PRODUCT = YES;
			};
			name = Release;
		};
		051BC75D24F7B6A70066B100 /* Debug */ = {
			isa = XCBuildConfiguration;
			buildSettings = {
				ASSETCATALOG_COMPILER_APPICON_NAME = AppIcon;
				CODE_SIGN_STYLE = Automatic;
				DEVELOPMENT_TEAM = 3LH58YF246;
				INFOPLIST_FILE = InstagramApp/SupportFiles/Info.plist;
				LD_RUNPATH_SEARCH_PATHS = (
					"$(inherited)",
					"@executable_path/Frameworks",
				);
				PRODUCT_BUNDLE_IDENTIFIER = PavelM.InstagramApp;
				PRODUCT_NAME = "$(TARGET_NAME)";
				SWIFT_VERSION = 5.0;
				TARGETED_DEVICE_FAMILY = "1,2";
			};
			name = Debug;
		};
		051BC75E24F7B6A70066B100 /* Release */ = {
			isa = XCBuildConfiguration;
			buildSettings = {
				ASSETCATALOG_COMPILER_APPICON_NAME = AppIcon;
				CODE_SIGN_STYLE = Automatic;
				DEVELOPMENT_TEAM = 3LH58YF246;
				INFOPLIST_FILE = InstagramApp/SupportFiles/Info.plist;
				LD_RUNPATH_SEARCH_PATHS = (
					"$(inherited)",
					"@executable_path/Frameworks",
				);
				PRODUCT_BUNDLE_IDENTIFIER = PavelM.InstagramApp;
				PRODUCT_NAME = "$(TARGET_NAME)";
				SWIFT_VERSION = 5.0;
				TARGETED_DEVICE_FAMILY = "1,2";
			};
			name = Release;
		};
/* End XCBuildConfiguration section */

/* Begin XCConfigurationList section */
		051BC74324F7B6A40066B100 /* Build configuration list for PBXProject "InstagramApp" */ = {
			isa = XCConfigurationList;
			buildConfigurations = (
				051BC75A24F7B6A70066B100 /* Debug */,
				051BC75B24F7B6A70066B100 /* Release */,
			);
			defaultConfigurationIsVisible = 0;
			defaultConfigurationName = Release;
		};
		051BC75C24F7B6A70066B100 /* Build configuration list for PBXNativeTarget "InstagramApp" */ = {
			isa = XCConfigurationList;
			buildConfigurations = (
				051BC75D24F7B6A70066B100 /* Debug */,
				051BC75E24F7B6A70066B100 /* Release */,
			);
			defaultConfigurationIsVisible = 0;
			defaultConfigurationName = Release;
		};
/* End XCConfigurationList section */
	};
	rootObject = 051BC74024F7B6A40066B100 /* Project object */;
}
