// !$*UTF8*$!
{
	archiveVersion = 1;
	classes = {
	};
	objectVersion = 51;
	objects = {

/* Begin PBXBuildFile section */
		051BC74C24F7B6A40066B100 /* AppDelegate.swift in Sources */ = {isa = PBXBuildFile; fileRef = 051BC74B24F7B6A40066B100 /* AppDelegate.swift */; };
		051BC74E24F7B6A40066B100 /* SceneDelegate.swift in Sources */ = {isa = PBXBuildFile; fileRef = 051BC74D24F7B6A40066B100 /* SceneDelegate.swift */; };
		051BC75524F7B6A60066B100 /* Assets.xcassets in Resources */ = {isa = PBXBuildFile; fileRef = 051BC75424F7B6A60066B100 /* Assets.xcassets */; };
		051BC75824F7B6A60066B100 /* LaunchScreen.storyboard in Resources */ = {isa = PBXBuildFile; fileRef = 051BC75624F7B6A60066B100 /* LaunchScreen.storyboard */; };
		051BC76624F7BA780066B100 /* HomeViewCntroller.swift in Sources */ = {isa = PBXBuildFile; fileRef = 051BC76524F7BA770066B100 /* HomeViewCntroller.swift */; };
		051BC76924F7BCC10066B100 /* TabController.swift in Sources */ = {isa = PBXBuildFile; fileRef = 051BC76824F7BCC10066B100 /* TabController.swift */; };
		051BC77424F7C1570066B100 /* ExploreViewController.swift in Sources */ = {isa = PBXBuildFile; fileRef = 051BC77324F7C1570066B100 /* ExploreViewController.swift */; };
		051BC77C24F7C4090066B100 /* NotificationViewController.swift in Sources */ = {isa = PBXBuildFile; fileRef = 051BC77B24F7C4090066B100 /* NotificationViewController.swift */; };
		051BC78124F7C42E0066B100 /* ProfileViewController.swift in Sources */ = {isa = PBXBuildFile; fileRef = 051BC78024F7C42E0066B100 /* ProfileViewController.swift */; };
		051BC78624F7C4520066B100 /* CameraViewController.swift in Sources */ = {isa = PBXBuildFile; fileRef = 051BC78524F7C4520066B100 /* CameraViewController.swift */; };
		05959D8C24F7DD1500829881 /* GoogleService-Info.plist in Resources */ = {isa = PBXBuildFile; fileRef = 05959D8B24F7DD1500829881 /* GoogleService-Info.plist */; };
		05959D9124F7DE7400829881 /* LoginViewController.swift in Sources */ = {isa = PBXBuildFile; fileRef = 05959D9024F7DE7400829881 /* LoginViewController.swift */; };
		05959D9324F7DE7F00829881 /* RegisterViewController.swift in Sources */ = {isa = PBXBuildFile; fileRef = 05959D9224F7DE7F00829881 /* RegisterViewController.swift */; };
		05A2CA3E24F7E1F500863FF8 /* DatabaseManager.swift in Sources */ = {isa = PBXBuildFile; fileRef = 05A2CA3D24F7E1F400863FF8 /* DatabaseManager.swift */; };
		05A2CA4024F7E27400863FF8 /* ServiceLocator.swift in Sources */ = {isa = PBXBuildFile; fileRef = 05A2CA3F24F7E27400863FF8 /* ServiceLocator.swift */; };
		05A2CA4324F7E32A00863FF8 /* AuthManager.swift in Sources */ = {isa = PBXBuildFile; fileRef = 05A2CA4224F7E32A00863FF8 /* AuthManager.swift */; };
		05A2CA4524F7E39700863FF8 /* StoragManager.swift in Sources */ = {isa = PBXBuildFile; fileRef = 05A2CA4424F7E39700863FF8 /* StoragManager.swift */; };
		05A2CA4724F7F09300863FF8 /* UIView+Extensions.swift in Sources */ = {isa = PBXBuildFile; fileRef = 05A2CA4624F7F09300863FF8 /* UIView+Extensions.swift */; };
		05A2CA4924F8F69300863FF8 /* UIViewController+Extensions.swift in Sources */ = {isa = PBXBuildFile; fileRef = 05A2CA4824F8F69300863FF8 /* UIViewController+Extensions.swift */; };
		05A2CA4B24F8F8ED00863FF8 /* UIView+Layout.swift in Sources */ = {isa = PBXBuildFile; fileRef = 05A2CA4A24F8F8ED00863FF8 /* UIView+Layout.swift */; };
		05A2CA4D24F9090900863FF8 /* String+Extension.swift in Sources */ = {isa = PBXBuildFile; fileRef = 05A2CA4C24F9090900863FF8 /* String+Extension.swift */; };
		05A2CA4F24F92B3800863FF8 /* SettingsViewController.swift in Sources */ = {isa = PBXBuildFile; fileRef = 05A2CA4E24F92B3800863FF8 /* SettingsViewController.swift */; };
		05A2CA5224FA6CCC00863FF8 /* IGFeedPostTableViewCell.swift in Sources */ = {isa = PBXBuildFile; fileRef = 05A2CA5124FA6CCC00863FF8 /* IGFeedPostTableViewCell.swift */; };
		05A2CA5424FA6E5200863FF8 /* IGHeaderPostCell.swift in Sources */ = {isa = PBXBuildFile; fileRef = 05A2CA5324FA6E5200863FF8 /* IGHeaderPostCell.swift */; };
		05A2CA5624FA6E6900863FF8 /* IGActionsPostCell.swift in Sources */ = {isa = PBXBuildFile; fileRef = 05A2CA5524FA6E6900863FF8 /* IGActionsPostCell.swift */; };
		05A2CA5824FA6E8F00863FF8 /* IGGeneralPostCell.swift in Sources */ = {isa = PBXBuildFile; fileRef = 05A2CA5724FA6E8F00863FF8 /* IGGeneralPostCell.swift */; };
		05A2CA5A24FA79C200863FF8 /* EditProfileViewController.swift in Sources */ = {isa = PBXBuildFile; fileRef = 05A2CA5924FA79C200863FF8 /* EditProfileViewController.swift */; };
		A6757FA960A12EB17B1EF5DE /* Pods_InstagramApp.framework in Frameworks */ = {isa = PBXBuildFile; fileRef = 8C1329D1FDFAF43A7B98C7EB /* Pods_InstagramApp.framework */; };
/* End PBXBuildFile section */

/* Begin PBXFileReference section */
		051BC74824F7B6A40066B100 /* InstagramApp.app */ = {isa = PBXFileReference; explicitFileType = wrapper.application; includeInIndex = 0; path = InstagramApp.app; sourceTree = BUILT_PRODUCTS_DIR; };
		051BC74B24F7B6A40066B100 /* AppDelegate.swift */ = {isa = PBXFileReference; lastKnownFileType = sourcecode.swift; path = AppDelegate.swift; sourceTree = "<group>"; };
		051BC74D24F7B6A40066B100 /* SceneDelegate.swift */ = {isa = PBXFileReference; lastKnownFileType = sourcecode.swift; path = SceneDelegate.swift; sourceTree = "<group>"; };
		051BC75424F7B6A60066B100 /* Assets.xcassets */ = {isa = PBXFileReference; lastKnownFileType = folder.assetcatalog; path = Assets.xcassets; sourceTree = "<group>"; };
		051BC75724F7B6A60066B100 /* Base */ = {isa = PBXFileReference; lastKnownFileType = file.storyboard; name = Base; path = Base.lproj/LaunchScreen.storyboard; sourceTree = "<group>"; };
		051BC75924F7B6A70066B100 /* Info.plist */ = {isa = PBXFileReference; lastKnownFileType = text.plist.xml; path = Info.plist; sourceTree = "<group>"; };
		051BC76524F7BA770066B100 /* HomeViewCntroller.swift */ = {isa = PBXFileReference; lastKnownFileType = sourcecode.swift; path = HomeViewCntroller.swift; sourceTree = "<group>"; };
		051BC76824F7BCC10066B100 /* TabController.swift */ = {isa = PBXFileReference; lastKnownFileType = sourcecode.swift; path = TabController.swift; sourceTree = "<group>"; };
		051BC77324F7C1570066B100 /* ExploreViewController.swift */ = {isa = PBXFileReference; lastKnownFileType = sourcecode.swift; path = ExploreViewController.swift; sourceTree = "<group>"; };
		051BC77B24F7C4090066B100 /* NotificationViewController.swift */ = {isa = PBXFileReference; lastKnownFileType = sourcecode.swift; path = NotificationViewController.swift; sourceTree = "<group>"; };
		051BC78024F7C42E0066B100 /* ProfileViewController.swift */ = {isa = PBXFileReference; lastKnownFileType = sourcecode.swift; path = ProfileViewController.swift; sourceTree = "<group>"; };
		051BC78524F7C4520066B100 /* CameraViewController.swift */ = {isa = PBXFileReference; lastKnownFileType = sourcecode.swift; path = CameraViewController.swift; sourceTree = "<group>"; };
		05959D8B24F7DD1500829881 /* GoogleService-Info.plist */ = {isa = PBXFileReference; fileEncoding = 4; lastKnownFileType = text.plist.xml; path = "GoogleService-Info.plist"; sourceTree = "<group>"; };
		05959D9024F7DE7400829881 /* LoginViewController.swift */ = {isa = PBXFileReference; lastKnownFileType = sourcecode.swift; path = LoginViewController.swift; sourceTree = "<group>"; };
		05959D9224F7DE7F00829881 /* RegisterViewController.swift */ = {isa = PBXFileReference; lastKnownFileType = sourcecode.swift; path = RegisterViewController.swift; sourceTree = "<group>"; };
		05A2CA3D24F7E1F400863FF8 /* DatabaseManager.swift */ = {isa = PBXFileReference; lastKnownFileType = sourcecode.swift; path = DatabaseManager.swift; sourceTree = "<group>"; };
		05A2CA3F24F7E27400863FF8 /* ServiceLocator.swift */ = {isa = PBXFileReference; fileEncoding = 4; lastKnownFileType = sourcecode.swift; path = ServiceLocator.swift; sourceTree = "<group>"; };
		05A2CA4224F7E32A00863FF8 /* AuthManager.swift */ = {isa = PBXFileReference; lastKnownFileType = sourcecode.swift; path = AuthManager.swift; sourceTree = "<group>"; };
		05A2CA4424F7E39700863FF8 /* StoragManager.swift */ = {isa = PBXFileReference; lastKnownFileType = sourcecode.swift; path = StoragManager.swift; sourceTree = "<group>"; };
		05A2CA4624F7F09300863FF8 /* UIView+Extensions.swift */ = {isa = PBXFileReference; lastKnownFileType = sourcecode.swift; path = "UIView+Extensions.swift"; sourceTree = "<group>"; };
		05A2CA4824F8F69300863FF8 /* UIViewController+Extensions.swift */ = {isa = PBXFileReference; lastKnownFileType = sourcecode.swift; path = "UIViewController+Extensions.swift"; sourceTree = "<group>"; };
		05A2CA4A24F8F8ED00863FF8 /* UIView+Layout.swift */ = {isa = PBXFileReference; fileEncoding = 4; lastKnownFileType = sourcecode.swift; path = "UIView+Layout.swift"; sourceTree = "<group>"; };
		05A2CA4C24F9090900863FF8 /* String+Extension.swift */ = {isa = PBXFileReference; lastKnownFileType = sourcecode.swift; path = "String+Extension.swift"; sourceTree = "<group>"; };
		05A2CA4E24F92B3800863FF8 /* SettingsViewController.swift */ = {isa = PBXFileReference; lastKnownFileType = sourcecode.swift; path = SettingsViewController.swift; sourceTree = "<group>"; };
		05A2CA5124FA6CCC00863FF8 /* IGFeedPostTableViewCell.swift */ = {isa = PBXFileReference; lastKnownFileType = sourcecode.swift; path = IGFeedPostTableViewCell.swift; sourceTree = "<group>"; };
		05A2CA5324FA6E5200863FF8 /* IGHeaderPostCell.swift */ = {isa = PBXFileReference; lastKnownFileType = sourcecode.swift; path = IGHeaderPostCell.swift; sourceTree = "<group>"; };
		05A2CA5524FA6E6900863FF8 /* IGActionsPostCell.swift */ = {isa = PBXFileReference; lastKnownFileType = sourcecode.swift; path = IGActionsPostCell.swift; sourceTree = "<group>"; };
		05A2CA5724FA6E8F00863FF8 /* IGGeneralPostCell.swift */ = {isa = PBXFileReference; lastKnownFileType = sourcecode.swift; path = IGGeneralPostCell.swift; sourceTree = "<group>"; };
		05A2CA5924FA79C200863FF8 /* EditProfileViewController.swift */ = {isa = PBXFileReference; lastKnownFileType = sourcecode.swift; path = EditProfileViewController.swift; sourceTree = "<group>"; };
		8C1329D1FDFAF43A7B98C7EB /* Pods_InstagramApp.framework */ = {isa = PBXFileReference; explicitFileType = wrapper.framework; includeInIndex = 0; path = Pods_InstagramApp.framework; sourceTree = BUILT_PRODUCTS_DIR; };
		E0FBB67CA2E4DFB69B924EEA /* Pods-InstagramApp.debug.xcconfig */ = {isa = PBXFileReference; includeInIndex = 1; lastKnownFileType = text.xcconfig; name = "Pods-InstagramApp.debug.xcconfig"; path = "Target Support Files/Pods-InstagramApp/Pods-InstagramApp.debug.xcconfig"; sourceTree = "<group>"; };
		F42801578566ADCF80AA4D3D /* Pods-InstagramApp.release.xcconfig */ = {isa = PBXFileReference; includeInIndex = 1; lastKnownFileType = text.xcconfig; name = "Pods-InstagramApp.release.xcconfig"; path = "Target Support Files/Pods-InstagramApp/Pods-InstagramApp.release.xcconfig"; sourceTree = "<group>"; };
/* End PBXFileReference section */

/* Begin PBXFrameworksBuildPhase section */
		051BC74524F7B6A40066B100 /* Frameworks */ = {
			isa = PBXFrameworksBuildPhase;
			buildActionMask = 2147483647;
			files = (
				A6757FA960A12EB17B1EF5DE /* Pods_InstagramApp.framework in Frameworks */,
			);
			runOnlyForDeploymentPostprocessing = 0;
		};
/* End PBXFrameworksBuildPhase section */

/* Begin PBXGroup section */
		051BC73F24F7B6A40066B100 = {
			isa = PBXGroup;
			children = (
				051BC74A24F7B6A40066B100 /* InstagramApp */,
				051BC74924F7B6A40066B100 /* Products */,
				C9EF9D7075C29B32F006A3AE /* Pods */,
				ADCCAF0365E87215AF6E73E7 /* Frameworks */,
			);
			sourceTree = "<group>";
		};
		051BC74924F7B6A40066B100 /* Products */ = {
			isa = PBXGroup;
			children = (
				051BC74824F7B6A40066B100 /* InstagramApp.app */,
			);
			name = Products;
			sourceTree = "<group>";
		};
		051BC74A24F7B6A40066B100 /* InstagramApp */ = {
			isa = PBXGroup;
			children = (
				05A2CA3B24F7E1C200863FF8 /* HelpFiles */,
				05A2CA3C24F7E1D200863FF8 /* Services */,
				051BC75F24F7B6B10066B100 /* SupportFiles */,
				051BC76024F7BA2C0066B100 /* Screens */,
			);
			path = InstagramApp;
			sourceTree = "<group>";
		};
		051BC75F24F7B6B10066B100 /* SupportFiles */ = {
			isa = PBXGroup;
			children = (
				05959D8B24F7DD1500829881 /* GoogleService-Info.plist */,
				051BC75424F7B6A60066B100 /* Assets.xcassets */,
				051BC75624F7B6A60066B100 /* LaunchScreen.storyboard */,
				051BC75924F7B6A70066B100 /* Info.plist */,
				051BC74B24F7B6A40066B100 /* AppDelegate.swift */,
				051BC74D24F7B6A40066B100 /* SceneDelegate.swift */,
			);
			path = SupportFiles;
			sourceTree = "<group>";
		};
		051BC76024F7BA2C0066B100 /* Screens */ = {
			isa = PBXGroup;
			children = (
				05959D8E24F7DE5600829881 /* OtherScreens */,
				05959D8D24F7DE4600829881 /* CoreScreens */,
			);
			path = Screens;
			sourceTree = "<group>";
		};
		051BC76124F7BA340066B100 /* Home */ = {
			isa = PBXGroup;
			children = (
				051BC76424F7BA470066B100 /* Models */,
				051BC76324F7BA420066B100 /* Views */,
				051BC76224F7BA3D0066B100 /* Controller */,
			);
			path = Home;
			sourceTree = "<group>";
		};
		051BC76224F7BA3D0066B100 /* Controller */ = {
			isa = PBXGroup;
			children = (
				051BC76524F7BA770066B100 /* HomeViewCntroller.swift */,
			);
			path = Controller;
			sourceTree = "<group>";
		};
		051BC76324F7BA420066B100 /* Views */ = {
			isa = PBXGroup;
			children = (
				05A2CA5024FA6CA800863FF8 /* Cells */,
			);
			path = Views;
			sourceTree = "<group>";
		};
		051BC76424F7BA470066B100 /* Models */ = {
			isa = PBXGroup;
			children = (
			);
			path = Models;
			sourceTree = "<group>";
		};
		051BC76724F7BCAC0066B100 /* TabController */ = {
			isa = PBXGroup;
			children = (
				051BC76824F7BCC10066B100 /* TabController.swift */,
			);
			path = TabController;
			sourceTree = "<group>";
		};
		051BC76F24F7C1220066B100 /* Explore */ = {
			isa = PBXGroup;
			children = (
				051BC77224F7C1390066B100 /* Controller */,
				051BC77124F7C1340066B100 /* Views */,
				051BC77024F7C12D0066B100 /* Models */,
			);
			path = Explore;
			sourceTree = "<group>";
		};
		051BC77024F7C12D0066B100 /* Models */ = {
			isa = PBXGroup;
			children = (
			);
			path = Models;
			sourceTree = "<group>";
		};
		051BC77124F7C1340066B100 /* Views */ = {
			isa = PBXGroup;
			children = (
			);
			path = Views;
			sourceTree = "<group>";
		};
		051BC77224F7C1390066B100 /* Controller */ = {
			isa = PBXGroup;
			children = (
				051BC77324F7C1570066B100 /* ExploreViewController.swift */,
			);
			path = Controller;
			sourceTree = "<group>";
		};
		051BC77524F7C3B80066B100 /* Notification */ = {
			isa = PBXGroup;
			children = (
				051BC77A24F7C3EE0066B100 /* Views */,
				051BC77924F7C3E70066B100 /* Models */,
				051BC77824F7C3E10066B100 /* Controller */,
			);
			path = Notification;
			sourceTree = "<group>";
		};
		051BC77624F7C3C20066B100 /* Profile */ = {
			isa = PBXGroup;
			children = (
				051BC77F24F7C4200066B100 /* Controller */,
				051BC77E24F7C41B0066B100 /* Models */,
				051BC77D24F7C4150066B100 /* Views */,
			);
			path = Profile;
			sourceTree = "<group>";
		};
		051BC77724F7C3CA0066B100 /* Camera */ = {
			isa = PBXGroup;
			children = (
				051BC78424F7C4460066B100 /* Views */,
				051BC78324F7C4400066B100 /* Models */,
				051BC78224F7C43A0066B100 /* Controller */,
			);
			path = Camera;
			sourceTree = "<group>";
		};
		051BC77824F7C3E10066B100 /* Controller */ = {
			isa = PBXGroup;
			children = (
				051BC77B24F7C4090066B100 /* NotificationViewController.swift */,
			);
			path = Controller;
			sourceTree = "<group>";
		};
		051BC77924F7C3E70066B100 /* Models */ = {
			isa = PBXGroup;
			children = (
			);
			path = Models;
			sourceTree = "<group>";
		};
		051BC77A24F7C3EE0066B100 /* Views */ = {
			isa = PBXGroup;
			children = (
			);
			path = Views;
			sourceTree = "<group>";
		};
		051BC77D24F7C4150066B100 /* Views */ = {
			isa = PBXGroup;
			children = (
			);
			path = Views;
			sourceTree = "<group>";
		};
		051BC77E24F7C41B0066B100 /* Models */ = {
			isa = PBXGroup;
			children = (
			);
			path = Models;
			sourceTree = "<group>";
		};
		051BC77F24F7C4200066B100 /* Controller */ = {
			isa = PBXGroup;
			children = (
				051BC78024F7C42E0066B100 /* ProfileViewController.swift */,
			);
			path = Controller;
			sourceTree = "<group>";
		};
		051BC78224F7C43A0066B100 /* Controller */ = {
			isa = PBXGroup;
			children = (
				051BC78524F7C4520066B100 /* CameraViewController.swift */,
			);
			path = Controller;
			sourceTree = "<group>";
		};
		051BC78324F7C4400066B100 /* Models */ = {
			isa = PBXGroup;
			children = (
			);
			path = Models;
			sourceTree = "<group>";
		};
		051BC78424F7C4460066B100 /* Views */ = {
			isa = PBXGroup;
			children = (
			);
			path = Views;
			sourceTree = "<group>";
		};
		05959D8D24F7DE4600829881 /* CoreScreens */ = {
			isa = PBXGroup;
			children = (
				051BC76724F7BCAC0066B100 /* TabController */,
				051BC77724F7C3CA0066B100 /* Camera */,
				051BC77624F7C3C20066B100 /* Profile */,
				051BC77524F7C3B80066B100 /* Notification */,
				051BC76F24F7C1220066B100 /* Explore */,
				051BC76124F7BA340066B100 /* Home */,
			);
			path = CoreScreens;
			sourceTree = "<group>";
		};
		05959D8E24F7DE5600829881 /* OtherScreens */ = {
			isa = PBXGroup;
			children = (
				05959D8F24F7DE6400829881 /* OnBoarding */,
				05A2CA4E24F92B3800863FF8 /* SettingsViewController.swift */,
				05A2CA5924FA79C200863FF8 /* EditProfileViewController.swift */,
			);
			path = OtherScreens;
			sourceTree = "<group>";
		};
		05959D8F24F7DE6400829881 /* OnBoarding */ = {
			isa = PBXGroup;
			children = (
				05959D9024F7DE7400829881 /* LoginViewController.swift */,
				05959D9224F7DE7F00829881 /* RegisterViewController.swift */,
			);
			path = OnBoarding;
			sourceTree = "<group>";
		};
		05A2CA3B24F7E1C200863FF8 /* HelpFiles */ = {
			isa = PBXGroup;
			children = (
				05A2CA4A24F8F8ED00863FF8 /* UIView+Layout.swift */,
				05A2CA4624F7F09300863FF8 /* UIView+Extensions.swift */,
				05A2CA4824F8F69300863FF8 /* UIViewController+Extensions.swift */,
				05A2CA4C24F9090900863FF8 /* String+Extension.swift */,
			);
			path = HelpFiles;
			sourceTree = "<group>";
		};
		05A2CA3C24F7E1D200863FF8 /* Services */ = {
			isa = PBXGroup;
			children = (
				05A2CA4124F7E31700863FF8 /* FireBase */,
				05A2CA3F24F7E27400863FF8 /* ServiceLocator.swift */,
			);
			path = Services;
			sourceTree = "<group>";
		};
		05A2CA4124F7E31700863FF8 /* FireBase */ = {
			isa = PBXGroup;
			children = (
				05A2CA3D24F7E1F400863FF8 /* DatabaseManager.swift */,
				05A2CA4224F7E32A00863FF8 /* AuthManager.swift */,
				05A2CA4424F7E39700863FF8 /* StoragManager.swift */,
			);
			path = FireBase;
			sourceTree = "<group>";
		};
		05A2CA5024FA6CA800863FF8 /* Cells */ = {
			isa = PBXGroup;
			children = (
				05A2CA5124FA6CCC00863FF8 /* IGFeedPostTableViewCell.swift */,
				05A2CA5324FA6E5200863FF8 /* IGHeaderPostCell.swift */,
				05A2CA5524FA6E6900863FF8 /* IGActionsPostCell.swift */,
				05A2CA5724FA6E8F00863FF8 /* IGGeneralPostCell.swift */,
			);
			path = Cells;
			sourceTree = "<group>";
		};
		ADCCAF0365E87215AF6E73E7 /* Frameworks */ = {
			isa = PBXGroup;
			children = (
				8C1329D1FDFAF43A7B98C7EB /* Pods_InstagramApp.framework */,
			);
			name = Frameworks;
			sourceTree = "<group>";
		};
		C9EF9D7075C29B32F006A3AE /* Pods */ = {
			isa = PBXGroup;
			children = (
				E0FBB67CA2E4DFB69B924EEA /* Pods-InstagramApp.debug.xcconfig */,
				F42801578566ADCF80AA4D3D /* Pods-InstagramApp.release.xcconfig */,
			);
			path = Pods;
			sourceTree = "<group>";
		};
/* End PBXGroup section */

/* Begin PBXNativeTarget section */
		051BC74724F7B6A40066B100 /* InstagramApp */ = {
			isa = PBXNativeTarget;
			buildConfigurationList = 051BC75C24F7B6A70066B100 /* Build configuration list for PBXNativeTarget "InstagramApp" */;
			buildPhases = (
				67401E7D47EC1B3B2E9A164D /* [CP] Check Pods Manifest.lock */,
				051BC74424F7B6A40066B100 /* Sources */,
				051BC74524F7B6A40066B100 /* Frameworks */,
				051BC74624F7B6A40066B100 /* Resources */,
				F3D06EFE85E4EA4855C460DB /* [CP] Embed Pods Frameworks */,
			);
			buildRules = (
			);
			dependencies = (
			);
			name = InstagramApp;
			productName = InstagramApp;
			productReference = 051BC74824F7B6A40066B100 /* InstagramApp.app */;
			productType = "com.apple.product-type.application";
		};
/* End PBXNativeTarget section */

/* Begin PBXProject section */
		051BC74024F7B6A40066B100 /* Project object */ = {
			isa = PBXProject;
			attributes = {
				LastSwiftUpdateCheck = 1140;
				LastUpgradeCheck = 1140;
				ORGANIZATIONNAME = "Павел Мишагин";
				TargetAttributes = {
					051BC74724F7B6A40066B100 = {
						CreatedOnToolsVersion = 11.4.1;
					};
				};
			};
			buildConfigurationList = 051BC74324F7B6A40066B100 /* Build configuration list for PBXProject "InstagramApp" */;
			compatibilityVersion = "Xcode 9.3";
			developmentRegion = en;
			hasScannedForEncodings = 0;
			knownRegions = (
				en,
				Base,
			);
			mainGroup = 051BC73F24F7B6A40066B100;
			productRefGroup = 051BC74924F7B6A40066B100 /* Products */;
			projectDirPath = "";
			projectRoot = "";
			targets = (
				051BC74724F7B6A40066B100 /* InstagramApp */,
			);
		};
/* End PBXProject section */

/* Begin PBXResourcesBuildPhase section */
		051BC74624F7B6A40066B100 /* Resources */ = {
			isa = PBXResourcesBuildPhase;
			buildActionMask = 2147483647;
			files = (
				051BC75824F7B6A60066B100 /* LaunchScreen.storyboard in Resources */,
				051BC75524F7B6A60066B100 /* Assets.xcassets in Resources */,
				05959D8C24F7DD1500829881 /* GoogleService-Info.plist in Resources */,
			);
			runOnlyForDeploymentPostprocessing = 0;
		};
/* End PBXResourcesBuildPhase section */

/* Begin PBXShellScriptBuildPhase section */
		67401E7D47EC1B3B2E9A164D /* [CP] Check Pods Manifest.lock */ = {
			isa = PBXShellScriptBuildPhase;
			buildActionMask = 2147483647;
			files = (
			);
			inputFileListPaths = (
			);
			inputPaths = (
				"${PODS_PODFILE_DIR_PATH}/Podfile.lock",
				"${PODS_ROOT}/Manifest.lock",
			);
			name = "[CP] Check Pods Manifest.lock";
			outputFileListPaths = (
			);
			outputPaths = (
				"$(DERIVED_FILE_DIR)/Pods-InstagramApp-checkManifestLockResult.txt",
			);
			runOnlyForDeploymentPostprocessing = 0;
			shellPath = /bin/sh;
			shellScript = "diff \"${PODS_PODFILE_DIR_PATH}/Podfile.lock\" \"${PODS_ROOT}/Manifest.lock\" > /dev/null\nif [ $? != 0 ] ; then\n    # print error to STDERR\n    echo \"error: The sandbox is not in sync with the Podfile.lock. Run 'pod install' or update your CocoaPods installation.\" >&2\n    exit 1\nfi\n# This output is used by Xcode 'outputs' to avoid re-running this script phase.\necho \"SUCCESS\" > \"${SCRIPT_OUTPUT_FILE_0}\"\n";
			showEnvVarsInLog = 0;
		};
		F3D06EFE85E4EA4855C460DB /* [CP] Embed Pods Frameworks */ = {
			isa = PBXShellScriptBuildPhase;
			buildActionMask = 2147483647;
			files = (
			);
			inputFileListPaths = (
				"${PODS_ROOT}/Target Support Files/Pods-InstagramApp/Pods-InstagramApp-frameworks-${CONFIGURATION}-input-files.xcfilelist",
			);
			name = "[CP] Embed Pods Frameworks";
			outputFileListPaths = (
				"${PODS_ROOT}/Target Support Files/Pods-InstagramApp/Pods-InstagramApp-frameworks-${CONFIGURATION}-output-files.xcfilelist",
			);
			runOnlyForDeploymentPostprocessing = 0;
			shellPath = /bin/sh;
			shellScript = "\"${PODS_ROOT}/Target Support Files/Pods-InstagramApp/Pods-InstagramApp-frameworks.sh\"\n";
			showEnvVarsInLog = 0;
		};
/* End PBXShellScriptBuildPhase section */

/* Begin PBXSourcesBuildPhase section */
		051BC74424F7B6A40066B100 /* Sources */ = {
			isa = PBXSourcesBuildPhase;
			buildActionMask = 2147483647;
			files = (
				05A2CA4024F7E27400863FF8 /* ServiceLocator.swift in Sources */,
				05959D9124F7DE7400829881 /* LoginViewController.swift in Sources */,
				05959D9324F7DE7F00829881 /* RegisterViewController.swift in Sources */,
				05A2CA4324F7E32A00863FF8 /* AuthManager.swift in Sources */,
				051BC74C24F7B6A40066B100 /* AppDelegate.swift in Sources */,
				05A2CA5624FA6E6900863FF8 /* IGActionsPostCell.swift in Sources */,
				05A2CA4F24F92B3800863FF8 /* SettingsViewController.swift in Sources */,
				05A2CA4B24F8F8ED00863FF8 /* UIView+Layout.swift in Sources */,
				05A2CA5A24FA79C200863FF8 /* EditProfileViewController.swift in Sources */,
				051BC76924F7BCC10066B100 /* TabController.swift in Sources */,
				051BC77C24F7C4090066B100 /* NotificationViewController.swift in Sources */,
				051BC77424F7C1570066B100 /* ExploreViewController.swift in Sources */,
				05A2CA3E24F7E1F500863FF8 /* DatabaseManager.swift in Sources */,
				05A2CA4D24F9090900863FF8 /* String+Extension.swift in Sources */,
				05A2CA4524F7E39700863FF8 /* StoragManager.swift in Sources */,
				05A2CA5224FA6CCC00863FF8 /* IGFeedPostTableViewCell.swift in Sources */,
				05A2CA5824FA6E8F00863FF8 /* IGGeneralPostCell.swift in Sources */,
				05A2CA5424FA6E5200863FF8 /* IGHeaderPostCell.swift in Sources */,
				051BC78124F7C42E0066B100 /* ProfileViewController.swift in Sources */,
				051BC78624F7C4520066B100 /* CameraViewController.swift in Sources */,
				05A2CA4924F8F69300863FF8 /* UIViewController+Extensions.swift in Sources */,
				05A2CA4724F7F09300863FF8 /* UIView+Extensions.swift in Sources */,
				051BC74E24F7B6A40066B100 /* SceneDelegate.swift in Sources */,
				051BC76624F7BA780066B100 /* HomeViewCntroller.swift in Sources */,
			);
			runOnlyForDeploymentPostprocessing = 0;
		};
/* End PBXSourcesBuildPhase section */

/* Begin PBXVariantGroup section */
		051BC75624F7B6A60066B100 /* LaunchScreen.storyboard */ = {
			isa = PBXVariantGroup;
			children = (
				051BC75724F7B6A60066B100 /* Base */,
			);
			name = LaunchScreen.storyboard;
			sourceTree = "<group>";
		};
/* End PBXVariantGroup section */

/* Begin XCBuildConfiguration section */
		051BC75A24F7B6A70066B100 /* Debug */ = {
			isa = XCBuildConfiguration;
			buildSettings = {
				ALWAYS_SEARCH_USER_PATHS = NO;
				CLANG_ANALYZER_NONNULL = YES;
				CLANG_ANALYZER_NUMBER_OBJECT_CONVERSION = YES_AGGRESSIVE;
				CLANG_CXX_LANGUAGE_STANDARD = "gnu++14";
				CLANG_CXX_LIBRARY = "libc++";
				CLANG_ENABLE_MODULES = YES;
				CLANG_ENABLE_OBJC_ARC = YES;
				CLANG_ENABLE_OBJC_WEAK = YES;
				CLANG_WARN_BLOCK_CAPTURE_AUTORELEASING = YES;
				CLANG_WARN_BOOL_CONVERSION = YES;
				CLANG_WARN_COMMA = YES;
				CLANG_WARN_CONSTANT_CONVERSION = YES;
				CLANG_WARN_DEPRECATED_OBJC_IMPLEMENTATIONS = YES;
				CLANG_WARN_DIRECT_OBJC_ISA_USAGE = YES_ERROR;
				CLANG_WARN_DOCUMENTATION_COMMENTS = YES;
				CLANG_WARN_EMPTY_BODY = YES;
				CLANG_WARN_ENUM_CONVERSION = YES;
				CLANG_WARN_INFINITE_RECURSION = YES;
				CLANG_WARN_INT_CONVERSION = YES;
				CLANG_WARN_NON_LITERAL_NULL_CONVERSION = YES;
				CLANG_WARN_OBJC_IMPLICIT_RETAIN_SELF = YES;
				CLANG_WARN_OBJC_LITERAL_CONVERSION = YES;
				CLANG_WARN_OBJC_ROOT_CLASS = YES_ERROR;
				CLANG_WARN_RANGE_LOOP_ANALYSIS = YES;
				CLANG_WARN_STRICT_PROTOTYPES = YES;
				CLANG_WARN_SUSPICIOUS_MOVE = YES;
				CLANG_WARN_UNGUARDED_AVAILABILITY = YES_AGGRESSIVE;
				CLANG_WARN_UNREACHABLE_CODE = YES;
				CLANG_WARN__DUPLICATE_METHOD_MATCH = YES;
				COPY_PHASE_STRIP = NO;
				DEBUG_INFORMATION_FORMAT = dwarf;
				ENABLE_STRICT_OBJC_MSGSEND = YES;
				ENABLE_TESTABILITY = YES;
				GCC_C_LANGUAGE_STANDARD = gnu11;
				GCC_DYNAMIC_NO_PIC = NO;
				GCC_NO_COMMON_BLOCKS = YES;
				GCC_OPTIMIZATION_LEVEL = 0;
				GCC_PREPROCESSOR_DEFINITIONS = (
					"DEBUG=1",
					"$(inherited)",
				);
				GCC_WARN_64_TO_32_BIT_CONVERSION = YES;
				GCC_WARN_ABOUT_RETURN_TYPE = YES_ERROR;
				GCC_WARN_UNDECLARED_SELECTOR = YES;
				GCC_WARN_UNINITIALIZED_AUTOS = YES_AGGRESSIVE;
				GCC_WARN_UNUSED_FUNCTION = YES;
				GCC_WARN_UNUSED_VARIABLE = YES;
				IPHONEOS_DEPLOYMENT_TARGET = 13.4;
				MTL_ENABLE_DEBUG_INFO = INCLUDE_SOURCE;
				MTL_FAST_MATH = YES;
				ONLY_ACTIVE_ARCH = YES;
				SDKROOT = iphoneos;
				SWIFT_ACTIVE_COMPILATION_CONDITIONS = DEBUG;
				SWIFT_OPTIMIZATION_LEVEL = "-Onone";
			};
			name = Debug;
		};
		051BC75B24F7B6A70066B100 /* Release */ = {
			isa = XCBuildConfiguration;
			buildSettings = {
				ALWAYS_SEARCH_USER_PATHS = NO;
				CLANG_ANALYZER_NONNULL = YES;
				CLANG_ANALYZER_NUMBER_OBJECT_CONVERSION = YES_AGGRESSIVE;
				CLANG_CXX_LANGUAGE_STANDARD = "gnu++14";
				CLANG_CXX_LIBRARY = "libc++";
				CLANG_ENABLE_MODULES = YES;
				CLANG_ENABLE_OBJC_ARC = YES;
				CLANG_ENABLE_OBJC_WEAK = YES;
				CLANG_WARN_BLOCK_CAPTURE_AUTORELEASING = YES;
				CLANG_WARN_BOOL_CONVERSION = YES;
				CLANG_WARN_COMMA = YES;
				CLANG_WARN_CONSTANT_CONVERSION = YES;
				CLANG_WARN_DEPRECATED_OBJC_IMPLEMENTATIONS = YES;
				CLANG_WARN_DIRECT_OBJC_ISA_USAGE = YES_ERROR;
				CLANG_WARN_DOCUMENTATION_COMMENTS = YES;
				CLANG_WARN_EMPTY_BODY = YES;
				CLANG_WARN_ENUM_CONVERSION = YES;
				CLANG_WARN_INFINITE_RECURSION = YES;
				CLANG_WARN_INT_CONVERSION = YES;
				CLANG_WARN_NON_LITERAL_NULL_CONVERSION = YES;
				CLANG_WARN_OBJC_IMPLICIT_RETAIN_SELF = YES;
				CLANG_WARN_OBJC_LITERAL_CONVERSION = YES;
				CLANG_WARN_OBJC_ROOT_CLASS = YES_ERROR;
				CLANG_WARN_RANGE_LOOP_ANALYSIS = YES;
				CLANG_WARN_STRICT_PROTOTYPES = YES;
				CLANG_WARN_SUSPICIOUS_MOVE = YES;
				CLANG_WARN_UNGUARDED_AVAILABILITY = YES_AGGRESSIVE;
				CLANG_WARN_UNREACHABLE_CODE = YES;
				CLANG_WARN__DUPLICATE_METHOD_MATCH = YES;
				COPY_PHASE_STRIP = NO;
				DEBUG_INFORMATION_FORMAT = "dwarf-with-dsym";
				ENABLE_NS_ASSERTIONS = NO;
				ENABLE_STRICT_OBJC_MSGSEND = YES;
				GCC_C_LANGUAGE_STANDARD = gnu11;
				GCC_NO_COMMON_BLOCKS = YES;
				GCC_WARN_64_TO_32_BIT_CONVERSION = YES;
				GCC_WARN_ABOUT_RETURN_TYPE = YES_ERROR;
				GCC_WARN_UNDECLARED_SELECTOR = YES;
				GCC_WARN_UNINITIALIZED_AUTOS = YES_AGGRESSIVE;
				GCC_WARN_UNUSED_FUNCTION = YES;
				GCC_WARN_UNUSED_VARIABLE = YES;
				IPHONEOS_DEPLOYMENT_TARGET = 13.4;
				MTL_ENABLE_DEBUG_INFO = NO;
				MTL_FAST_MATH = YES;
				SDKROOT = iphoneos;
				SWIFT_COMPILATION_MODE = wholemodule;
				SWIFT_OPTIMIZATION_LEVEL = "-O";
				VALIDATE_PRODUCT = YES;
			};
			name = Release;
		};
		051BC75D24F7B6A70066B100 /* Debug */ = {
			isa = XCBuildConfiguration;
			baseConfigurationReference = E0FBB67CA2E4DFB69B924EEA /* Pods-InstagramApp.debug.xcconfig */;
			buildSettings = {
				ASSETCATALOG_COMPILER_APPICON_NAME = AppIcon;
				CODE_SIGN_STYLE = Automatic;
				DEVELOPMENT_TEAM = 3LH58YF246;
				INFOPLIST_FILE = InstagramApp/SupportFiles/Info.plist;
				IPHONEOS_DEPLOYMENT_TARGET = 13.0;
				LD_RUNPATH_SEARCH_PATHS = (
					"$(inherited)",
					"@executable_path/Frameworks",
				);
				PRODUCT_BUNDLE_IDENTIFIER = PavelM.InstagramApp;
				PRODUCT_NAME = "$(TARGET_NAME)";
				SWIFT_VERSION = 5.0;
				TARGETED_DEVICE_FAMILY = "1,2";
			};
			name = Debug;
		};
		051BC75E24F7B6A70066B100 /* Release */ = {
			isa = XCBuildConfiguration;
			baseConfigurationReference = F42801578566ADCF80AA4D3D /* Pods-InstagramApp.release.xcconfig */;
			buildSettings = {
				ASSETCATALOG_COMPILER_APPICON_NAME = AppIcon;
				CODE_SIGN_STYLE = Automatic;
				DEVELOPMENT_TEAM = 3LH58YF246;
				INFOPLIST_FILE = InstagramApp/SupportFiles/Info.plist;
				IPHONEOS_DEPLOYMENT_TARGET = 13.0;
				LD_RUNPATH_SEARCH_PATHS = (
					"$(inherited)",
					"@executable_path/Frameworks",
				);
				PRODUCT_BUNDLE_IDENTIFIER = PavelM.InstagramApp;
				PRODUCT_NAME = "$(TARGET_NAME)";
				SWIFT_VERSION = 5.0;
				TARGETED_DEVICE_FAMILY = "1,2";
			};
			name = Release;
		};
/* End XCBuildConfiguration section */

/* Begin XCConfigurationList section */
		051BC74324F7B6A40066B100 /* Build configuration list for PBXProject "InstagramApp" */ = {
			isa = XCConfigurationList;
			buildConfigurations = (
				051BC75A24F7B6A70066B100 /* Debug */,
				051BC75B24F7B6A70066B100 /* Release */,
			);
			defaultConfigurationIsVisible = 0;
			defaultConfigurationName = Release;
		};
		051BC75C24F7B6A70066B100 /* Build configuration list for PBXNativeTarget "InstagramApp" */ = {
			isa = XCConfigurationList;
			buildConfigurations = (
				051BC75D24F7B6A70066B100 /* Debug */,
				051BC75E24F7B6A70066B100 /* Release */,
			);
			defaultConfigurationIsVisible = 0;
			defaultConfigurationName = Release;
		};
/* End XCConfigurationList section */
	};
	rootObject = 051BC74024F7B6A40066B100 /* Project object */;
}
